# THIS IS AN AUTOGENERATED FILE. DO NOT EDIT THIS FILE DIRECTLY.
# yarn lockfile v1


"@babel/parser@^7.9.4":
  version "7.17.10"
  resolved "https://registry.npmmirror.com/@babel/parser/-/parser-7.17.10.tgz#873b16db82a8909e0fbd7f115772f4b739f6ce78"
  integrity sha512-n2Q6i+fnJqzOaq2VkdXxy2TCPCWQZHiCo0XqmrCvDWcZQKRyZzYi4Z0yxlBuN0w+r2ZHmre+Q087DSrw3pbJDQ==

"@types/linkify-it@*":
  version "3.0.2"
  resolved "https://registry.npmmirror.com/@types/linkify-it/-/linkify-it-3.0.2.tgz#fd2cd2edbaa7eaac7e7f3c1748b52a19143846c9"
  integrity sha512-HZQYqbiFVWufzCwexrvh694SOim8z2d+xJl5UNamcvQFejLY/2YUtzXHYi3cHdI7PMlS8ejH2slRAOJQ32aNbA==

"@types/markdown-it@^12.2.3":
  version "12.2.3"
  resolved "https://registry.npmmirror.com/@types/markdown-it/-/markdown-it-12.2.3.tgz#0d6f6e5e413f8daaa26522904597be3d6cd93b51"
  integrity sha512-GKMHFfv3458yYy+v/N8gjufHO6MSZKCOXpZc5GXIWWy8uldwfmPn98vp81gZ5f9SVw8YYBctgfJ22a2d7AOMeQ==
  dependencies:
    "@types/linkify-it" "*"
    "@types/mdurl" "*"

"@types/mdurl@*":
  version "1.0.2"
  resolved "https://registry.npmmirror.com/@types/mdurl/-/mdurl-1.0.2.tgz#e2ce9d83a613bacf284c7be7d491945e39e1f8e9"
  integrity sha512-eC4U9MlIcu2q0KQmXszyn5Akca/0jrQmwDRgpAMJai7qBWq4amIQhZyNau4VYGtCeALvW1/NtjzJJ567aZxfKA==

argparse@^2.0.1:
  version "2.0.1"
  resolved "https://registry.npmmirror.com/argparse/-/argparse-2.0.1.tgz#246f50f3ca78a3240f6c997e8a9bd1eac49e4b38"
  integrity sha512-8+9WqebbFzpX9OR+Wa6O29asIogeRMzcGtAINdpMHHyAg10f05aSFVBbcEqGf/PXw1EjAZ+q2/bEBg3DvurK3Q==

bluebird@^3.7.2:
  version "3.7.2"
  resolved "https://registry.npmmirror.com/bluebird/-/bluebird-3.7.2.tgz#9f229c15be272454ffa973ace0dbee79a1b0c36f"
  integrity sha512-XpNj6GDQzdfW+r2Wnn7xiSAd7TM3jzkxGXBGTtWKuSXv1xUV+azxAm8jdWZN06QTQk+2N2XB9jRDkvbmQmcRtg==

call-bind@^1.0.0, call-bind@^1.0.2:
  version "1.0.2"
  resolved "https://registry.npmmirror.com/call-bind/-/call-bind-1.0.2.tgz#b1d4e89e688119c3c9a903ad30abb2f6a919be3c"
  integrity sha512-7O+FbCihrB5WGbFYesctwmTKae6rOiIzmz1icreWJ+0aA7LJfuqhEso2T9ncpcFtzMQtzXf2QGGueWJGTYsqrA==
  dependencies:
    function-bind "^1.1.1"
    get-intrinsic "^1.0.2"

catharsis@^0.9.0:
  version "0.9.0"
  resolved "https://registry.npmmirror.com/catharsis/-/catharsis-0.9.0.tgz#40382a168be0e6da308c277d3a2b3eb40c7d2121"
  integrity sha512-prMTQVpcns/tzFgFVkVp6ak6RykZyWb3gu8ckUpd6YkTlacOd3DXGJjIpD4Q6zJirizvaiAjSSHlOsA+6sNh2A==
  dependencies:
    lodash "^4.17.15"

define-properties@^1.1.3, define-properties@^1.1.4:
  version "1.1.4"
  resolved "https://registry.npmmirror.com/define-properties/-/define-properties-1.1.4.tgz#0b14d7bd7fbeb2f3572c3a7eda80ea5d57fb05b1"
  integrity sha512-uckOqKcfaVvtBdsVkdPv3XjveQJsNQqmhXgRi8uhvWWuPYZCNlzT8qAyblUgNoXdHdjMTzAqeGjAoli8f+bzPA==
  dependencies:
    has-property-descriptors "^1.0.0"
    object-keys "^1.1.1"

entities@~2.1.0:
  version "2.1.0"
  resolved "https://registry.npmmirror.com/entities/-/entities-2.1.0.tgz#992d3129cf7df6870b96c57858c249a120f8b8b5"
  integrity sha512-hCx1oky9PFrJ611mf0ifBLBRW8lUUVRlFolb5gWRfIELabBlbp9xZvrqZLZAs+NxFnbfQoeGd8wDkygjg7U85w==

es-abstract@^1.19.0, es-abstract@^1.19.1, es-abstract@^1.19.5:
  version "1.20.0"
  resolved "https://registry.npmmirror.com/es-abstract/-/es-abstract-1.20.0.tgz#b2d526489cceca004588296334726329e0a6bfb6"
  integrity sha512-URbD8tgRthKD3YcC39vbvSDrX23upXnPcnGAjQfgxXF5ID75YcENawc9ZX/9iTP9ptUyfCLIxTTuMYoRfiOVKA==
  dependencies:
    call-bind "^1.0.2"
    es-to-primitive "^1.2.1"
    function-bind "^1.1.1"
    function.prototype.name "^1.1.5"
    get-intrinsic "^1.1.1"
    get-symbol-description "^1.0.0"
    has "^1.0.3"
    has-property-descriptors "^1.0.0"
    has-symbols "^1.0.3"
    internal-slot "^1.0.3"
    is-callable "^1.2.4"
    is-negative-zero "^2.0.2"
    is-regex "^1.1.4"
    is-shared-array-buffer "^1.0.2"
    is-string "^1.0.7"
    is-weakref "^1.0.2"
    object-inspect "^1.12.0"
    object-keys "^1.1.1"
    object.assign "^4.1.2"
    regexp.prototype.flags "^1.4.1"
    string.prototype.trimend "^1.0.5"
    string.prototype.trimstart "^1.0.5"
    unbox-primitive "^1.0.2"

es-to-primitive@^1.2.1:
  version "1.2.1"
  resolved "https://registry.npmmirror.com/es-to-primitive/-/es-to-primitive-1.2.1.tgz#e55cd4c9cdc188bcefb03b366c736323fc5c898a"
  integrity sha512-QCOllgZJtaUo9miYBcLChTUaHNjJF3PYs1VidD7AwiEj1kYxKeQTctLAezAOH5ZKRH0g2IgPn6KwB4IT8iRpvA==
  dependencies:
    is-callable "^1.1.4"
    is-date-object "^1.0.1"
    is-symbol "^1.0.2"

escape-string-regexp@^2.0.0:
  version "2.0.0"
  resolved "https://registry.npmmirror.com/escape-string-regexp/-/escape-string-regexp-2.0.0.tgz#a30304e99daa32e23b2fd20f51babd07cffca344"
  integrity sha512-UpzcLCXolUWcNu5HtVMHYdXJjArjsF9C0aNnquZYY4uW/Vu0miy5YoWvbV345HauVvcAUnpRuhMMcqTcGOY2+w==

fsevents@~2.3.2:
  version "2.3.2"
  resolved "https://registry.npmmirror.com/fsevents/-/fsevents-2.3.2.tgz#8a526f78b8fdf4623b709e0b975c52c24c02fd1a"
  integrity sha512-xiqMQR4xAeHTuB9uWm+fFRcIOgKBMiOBP+eXiyT7jsgVCq1bkVygt00oASowB7EdtpOHaaPgKt812P9ab+DDKA==

function-bind@^1.1.1:
  version "1.1.1"
  resolved "https://registry.npmmirror.com/function-bind/-/function-bind-1.1.1.tgz#a56899d3ea3c9bab874bb9773b7c5ede92f4895d"
  integrity sha512-yIovAzMX49sF8Yl58fSCWJ5svSLuaibPxXQJFLmBObTuCr0Mf1KiPopGM9NiFjiYBCbfaa2Fh6breQ6ANVTI0A==

function.prototype.name@^1.1.5:
  version "1.1.5"
  resolved "https://registry.npmmirror.com/function.prototype.name/-/function.prototype.name-1.1.5.tgz#cce0505fe1ffb80503e6f9e46cc64e46a12a9621"
  integrity sha512-uN7m/BzVKQnCUF/iW8jYea67v++2u7m5UgENbHRtdDVclOUP+FMPlCNdmk0h/ysGyo2tavMJEDqJAkJdRa1vMA==
  dependencies:
    call-bind "^1.0.2"
    define-properties "^1.1.3"
    es-abstract "^1.19.0"
    functions-have-names "^1.2.2"

functions-have-names@^1.2.2:
  version "1.2.3"
  resolved "https://registry.npmmirror.com/functions-have-names/-/functions-have-names-1.2.3.tgz#0404fe4ee2ba2f607f0e0ec3c80bae994133b834"
  integrity sha512-xckBUXyTIqT97tq2x2AMb+g163b5JFysYk0x4qxNFwbfQkmNZoiRHb6sPzI9/QV33WeuvVYBUIiD4NzNIyqaRQ==

get-intrinsic@^1.0.2, get-intrinsic@^1.1.0, get-intrinsic@^1.1.1:
  version "1.1.1"
  resolved "https://registry.npmmirror.com/get-intrinsic/-/get-intrinsic-1.1.1.tgz#15f59f376f855c446963948f0d24cd3637b4abc6"
  integrity sha512-kWZrnVM42QCiEA2Ig1bG8zjoIMOgxWwYCEeNdwY6Tv/cOSeGpcoX4pXHfKUxNKVoArnrEr2e9srnAxxGIraS9Q==
  dependencies:
    function-bind "^1.1.1"
    has "^1.0.3"
    has-symbols "^1.0.1"

get-symbol-description@^1.0.0:
  version "1.0.0"
  resolved "https://registry.npmmirror.com/get-symbol-description/-/get-symbol-description-1.0.0.tgz#7fdb81c900101fbd564dd5f1a30af5aadc1e58d6"
  integrity sha512-2EmdH1YvIQiZpltCNgkuiUnyukzxM/R6NDJX31Ke3BG1Nq5b0S2PhX59UKi9vZpPDQVdqn+1IcaAwnzTT5vCjw==
  dependencies:
    call-bind "^1.0.2"
    get-intrinsic "^1.1.1"

has-bigints@^1.0.1, has-bigints@^1.0.2:
  version "1.0.2"
  resolved "https://registry.npmmirror.com/has-bigints/-/has-bigints-1.0.2.tgz#0871bd3e3d51626f6ca0966668ba35d5602d6eaa"
  integrity sha512-tSvCKtBr9lkF0Ex0aQiP9N+OpV4zi2r/Nee5VkRDbaqv35RLYMzbwQfFSZZH0kR+Rd6302UJZ2p/bJCEoR3VoQ==

has-property-descriptors@^1.0.0:
  version "1.0.0"
  resolved "https://registry.npmmirror.com/has-property-descriptors/-/has-property-descriptors-1.0.0.tgz#610708600606d36961ed04c196193b6a607fa861"
  integrity sha512-62DVLZGoiEBDHQyqG4w9xCuZ7eJEwNmJRWw2VY84Oedb7WFcA27fiEVe8oUQx9hAUJ4ekurquucTGwsyO1XGdQ==
  dependencies:
    get-intrinsic "^1.1.1"

has-symbols@^1.0.1, has-symbols@^1.0.2, has-symbols@^1.0.3:
  version "1.0.3"
  resolved "https://registry.npmmirror.com/has-symbols/-/has-symbols-1.0.3.tgz#bb7b2c4349251dce87b125f7bdf874aa7c8b39f8"
  integrity sha512-l3LCuF6MgDNwTDKkdYGEihYjt5pRPbEg46rtlmnSPlUbgmB8LOIrKJbYYFBSbnPaJexMKtiPO8hmeRjRz2Td+A==

has-tostringtag@^1.0.0:
  version "1.0.0"
  resolved "https://registry.npmmirror.com/has-tostringtag/-/has-tostringtag-1.0.0.tgz#7e133818a7d394734f941e73c3d3f9291e658b25"
  integrity sha512-kFjcSNhnlGV1kyoGk7OXKSawH5JOb/LzUc5w9B02hOTO0dfFRjbHQKvg1d6cf3HbeUmtU9VbbV3qzZ2Teh97WQ==
  dependencies:
    has-symbols "^1.0.2"

has@^1.0.3:
  version "1.0.3"
  resolved "https://registry.npmmirror.com/has/-/has-1.0.3.tgz#722d7cbfc1f6aa8241f16dd814e011e1f41e8796"
  integrity sha512-f2dvO0VU6Oej7RkWJGrehjbzMAjFp5/VKPp5tTpWIV4JHHZK1/BxbFRtf/siA2SWTe09caDmVtYYzWEIbBS4zw==
  dependencies:
    function-bind "^1.1.1"

internal-slot@^1.0.3:
  version "1.0.3"
  resolved "https://registry.npmmirror.com/internal-slot/-/internal-slot-1.0.3.tgz#7347e307deeea2faac2ac6205d4bc7d34967f59c"
  integrity sha512-O0DB1JC/sPyZl7cIo78n5dR7eUSwwpYPiXRhTzNxZVAMUuB8vlnRFyLxdrVToks6XPLVnFfbzaVd5WLjhgg+vA==
  dependencies:
    get-intrinsic "^1.1.0"
    has "^1.0.3"
    side-channel "^1.0.4"

is-bigint@^1.0.1:
  version "1.0.4"
  resolved "https://registry.npmmirror.com/is-bigint/-/is-bigint-1.0.4.tgz#08147a1875bc2b32005d41ccd8291dffc6691df3"
  integrity sha512-zB9CruMamjym81i2JZ3UMn54PKGsQzsJeo6xvN3HJJ4CAsQNB6iRutp2To77OfCNuoxspsIhzaPoO1zyCEhFOg==
  dependencies:
    has-bigints "^1.0.1"

is-boolean-object@^1.1.0:
  version "1.1.2"
  resolved "https://registry.npmmirror.com/is-boolean-object/-/is-boolean-object-1.1.2.tgz#5c6dc200246dd9321ae4b885a114bb1f75f63719"
  integrity sha512-gDYaKHJmnj4aWxyj6YHyXVpdQawtVLHU5cb+eztPGczf6cjuTdwve5ZIEfgXqH4e57An1D1AKf8CZ3kYrQRqYA==
  dependencies:
    call-bind "^1.0.2"
    has-tostringtag "^1.0.0"

is-callable@^1.1.4, is-callable@^1.2.4:
  version "1.2.4"
  resolved "https://registry.npmmirror.com/is-callable/-/is-callable-1.2.4.tgz#47301d58dd0259407865547853df6d61fe471945"
  integrity sha512-nsuwtxZfMX67Oryl9LCQ+upnC0Z0BgpwntpS89m1H/TLF0zNfzfLMV/9Wa/6MZsj0acpEjAO0KF1xT6ZdLl95w==

is-date-object@^1.0.1:
  version "1.0.5"
  resolved "https://registry.npmmirror.com/is-date-object/-/is-date-object-1.0.5.tgz#0841d5536e724c25597bf6ea62e1bd38298df31f"
  integrity sha512-9YQaSxsAiSwcvS33MBk3wTCVnWK+HhF8VZR2jRxehM16QcVOdHqPn4VPHmRK4lSr38n9JriurInLcP90xsYNfQ==
  dependencies:
    has-tostringtag "^1.0.0"

is-negative-zero@^2.0.2:
  version "2.0.2"
  resolved "https://registry.npmmirror.com/is-negative-zero/-/is-negative-zero-2.0.2.tgz#7bf6f03a28003b8b3965de3ac26f664d765f3150"
  integrity sha512-dqJvarLawXsFbNDeJW7zAz8ItJ9cd28YufuuFzh0G8pNHjJMnY08Dv7sYX2uF5UpQOwieAeOExEYAWWfu7ZZUA==

is-number-object@^1.0.4:
  version "1.0.7"
  resolved "https://registry.npmmirror.com/is-number-object/-/is-number-object-1.0.7.tgz#59d50ada4c45251784e9904f5246c742f07a42fc"
  integrity sha512-k1U0IRzLMo7ZlYIfzRu23Oh6MiIFasgpb9X76eqfFZAqwH44UI4KTBvBYIZ1dSL9ZzChTB9ShHfLkR4pdW5krQ==
  dependencies:
    has-tostringtag "^1.0.0"

is-regex@^1.1.4:
  version "1.1.4"
  resolved "https://registry.npmmirror.com/is-regex/-/is-regex-1.1.4.tgz#eef5663cd59fa4c0ae339505323df6854bb15958"
  integrity sha512-kvRdxDsxZjhzUX07ZnLydzS1TU/TJlTUHHY4YLL87e37oUA49DfkLqgy+VjFocowy29cKvcSiu+kIv728jTTVg==
  dependencies:
    call-bind "^1.0.2"
    has-tostringtag "^1.0.0"

is-shared-array-buffer@^1.0.2:
  version "1.0.2"
  resolved "https://registry.npmmirror.com/is-shared-array-buffer/-/is-shared-array-buffer-1.0.2.tgz#8f259c573b60b6a32d4058a1a07430c0a7344c79"
  integrity sha512-sqN2UDu1/0y6uvXyStCOzyhAjCSlHceFoMKJW8W9EU9cvic/QdsZ0kEU93HEy3IUEFZIiH/3w+AH/UQbPHNdhA==
  dependencies:
    call-bind "^1.0.2"

is-string@^1.0.5, is-string@^1.0.7:
  version "1.0.7"
  resolved "https://registry.npmmirror.com/is-string/-/is-string-1.0.7.tgz#0dd12bf2006f255bb58f695110eff7491eebc0fd"
  integrity sha512-tE2UXzivje6ofPW7l23cjDOMa09gb7xlAqG6jG5ej6uPV32TlWP3NKPigtaGeHNu9fohccRYvIiZMfOOnOYUtg==
  dependencies:
    has-tostringtag "^1.0.0"

is-symbol@^1.0.2, is-symbol@^1.0.3:
  version "1.0.4"
  resolved "https://registry.npmmirror.com/is-symbol/-/is-symbol-1.0.4.tgz#a6dac93b635b063ca6872236de88910a57af139c"
  integrity sha512-C/CPBqKWnvdcxqIARxyOh4v1UUEOCHpgDa0WYgpKDFMszcrPcffg5uhwSgPCLD2WWxmq6isisz87tzT01tuGhg==
  dependencies:
    has-symbols "^1.0.2"

is-weakref@^1.0.2:
  version "1.0.2"
  resolved "https://registry.npmmirror.com/is-weakref/-/is-weakref-1.0.2.tgz#9529f383a9338205e89765e0392efc2f100f06f2"
  integrity sha512-qctsuLZmIQ0+vSSMfoVvyFe2+GSEvnmZ2ezTup1SBse9+twCCeial6EEi3Nc2KFcf6+qz2FBPnjXsk8xhKSaPQ==
  dependencies:
    call-bind "^1.0.2"

js2xmlparser@^4.0.2:
  version "4.0.2"
  resolved "https://registry.npmmirror.com/js2xmlparser/-/js2xmlparser-4.0.2.tgz#2a1fdf01e90585ef2ae872a01bc169c6a8d5e60a"
  integrity sha512-6n4D8gLlLf1n5mNLQPRfViYzu9RATblzPEtm1SthMX1Pjao0r9YI9nw7ZIfRxQMERS87mcswrg+r/OYrPRX6jA==
  dependencies:
    xmlcreate "^2.0.4"

jsdoc-plugin-typescript@^2.0.7:
  version "2.0.7"
  resolved "https://registry.npmmirror.com/jsdoc-plugin-typescript/-/jsdoc-plugin-typescript-2.0.7.tgz#0b04bb4d2b77543240c220085af0bd7cecc0e110"
  integrity sha512-xIZW+c+W5BUEeSWFphXcf5Pppvs/MxZDrDAcQod/vYh3BLZNPSqJjCJihjK061x1YRLU7fQjJw/GZ4KGb2fmTw==
  dependencies:
    string.prototype.matchall "^4.0.0"

jsdoc@^3.6.10:
  version "3.6.10"
  resolved "https://registry.npmmirror.com/jsdoc/-/jsdoc-3.6.10.tgz#dc903c44763b78afa7d94d63da475d20bc224cc4"
  integrity sha512-IdQ8ppSo5LKZ9o3M+LKIIK8i00DIe5msDvG3G81Km+1dhy0XrOWD0Ji8H61ElgyEj/O9KRLokgKbAM9XX9CJAg==
  dependencies:
    "@babel/parser" "^7.9.4"
    "@types/markdown-it" "^12.2.3"
    bluebird "^3.7.2"
    catharsis "^0.9.0"
    escape-string-regexp "^2.0.0"
    js2xmlparser "^4.0.2"
    klaw "^4.0.1"
    markdown-it "^12.3.2"
    markdown-it-anchor "^8.4.1"
    marked "^4.0.10"
    mkdirp "^1.0.4"
    requizzle "^0.2.3"
    strip-json-comments "^3.1.0"
    taffydb "2.6.2"
    underscore "~1.13.2"

klaw@^4.0.1:
  version "4.0.1"
  resolved "https://registry.npmmirror.com/klaw/-/klaw-4.0.1.tgz#8dc6f5723f05894e8e931b516a8ff15c2976d368"
  integrity sha512-pgsE40/SvC7st04AHiISNewaIMUbY5V/K8b21ekiPiFoYs/EYSdsGa+FJArB1d441uq4Q8zZyIxvAzkGNlBdRw==

linkify-it@^3.0.1:
  version "3.0.3"
  resolved "https://registry.npmmirror.com/linkify-it/-/linkify-it-3.0.3.tgz#a98baf44ce45a550efb4d49c769d07524cc2fa2e"
  integrity sha512-ynTsyrFSdE5oZ/O9GEf00kPngmOfVwazR5GKDq6EYfhlpFug3J2zybX56a2PRRpc9P+FuSoGNAwjlbDs9jJBPQ==
  dependencies:
    uc.micro "^1.0.1"

lodash@^4.17.14, lodash@^4.17.15:
  version "4.17.21"
  resolved "https://registry.npmmirror.com/lodash/-/lodash-4.17.21.tgz#679591c564c3bffaae8454cf0b3df370c3d6911c"
  integrity sha512-v2kDEe57lecTulaDIuNTPy3Ry4gLGJ6Z1O3vE1krgXZNrsQ+LFTGHVxVjcXPs17LhbZVGedAJv8XZ1tvj5FvSg==

markdown-it-anchor@^8.4.1:
  version "8.6.4"
  resolved "https://registry.npmmirror.com/markdown-it-anchor/-/markdown-it-anchor-8.6.4.tgz#affb8aa0910a504c114e9fcad53ac3a5b907b0e6"
  integrity sha512-Ul4YVYZNxMJYALpKtu+ZRdrryYt/GlQ5CK+4l1bp/gWXOG2QWElt6AqF3Mih/wfUKdZbNAZVXGR73/n6U/8img==

markdown-it@^12.3.2:
  version "12.3.2"
  resolved "https://registry.npmmirror.com/markdown-it/-/markdown-it-12.3.2.tgz#bf92ac92283fe983fe4de8ff8abfb5ad72cd0c90"
  integrity sha512-TchMembfxfNVpHkbtriWltGWc+m3xszaRD0CZup7GFFhzIgQqxIfn3eGj1yZpfuflzPvfkt611B2Q/Bsk1YnGg==
  dependencies:
    argparse "^2.0.1"
    entities "~2.1.0"
    linkify-it "^3.0.1"
    mdurl "^1.0.1"
    uc.micro "^1.0.5"

marked@^4.0.10:
  version "4.0.15"
  resolved "https://registry.npmmirror.com/marked/-/marked-4.0.15.tgz#0216b7c9d5fcf6ac5042343c41d81a8b1b5e1b4a"
  integrity sha512-esX5lPdTfG4p8LDkv+obbRCyOKzB+820ZZyMOXJZygZBHrH9b3xXR64X4kT3sPe9Nx8qQXbmcz6kFSMt4Nfk6Q==

mdurl@^1.0.1:
  version "1.0.1"
  resolved "https://registry.npmmirror.com/mdurl/-/mdurl-1.0.1.tgz#fe85b2ec75a59037f2adfec100fd6c601761152e"
  integrity sha512-/sKlQJCBYVY9Ers9hqzKou4H6V5UWc/M59TH2dvkt+84itfnq7uFOMLpOiOS4ujvHP4etln18fmIxA5R5fll0g==

mkdirp@^1.0.4:
  version "1.0.4"
  resolved "https://registry.npmmirror.com/mkdirp/-/mkdirp-1.0.4.tgz#3eb5ed62622756d79a5f0e2a221dfebad75c2f7e"
  integrity sha512-vVqVZQyf3WLx2Shd0qJ9xuvqgAyKPLAiqITEtqW0oIUjzo3PePDd6fW9iFz30ef7Ysp/oiWqbhszeGWW2T6Gzw==

object-inspect@^1.12.0, object-inspect@^1.9.0:
  version "1.12.0"
  resolved "https://registry.npmmirror.com/object-inspect/-/object-inspect-1.12.0.tgz#6e2c120e868fd1fd18cb4f18c31741d0d6e776f0"
  integrity sha512-Ho2z80bVIvJloH+YzRmpZVQe87+qASmBUKZDWgx9cu+KDrX2ZDH/3tMy+gXbZETVGs2M8YdxObOh7XAtim9Y0g==

object-keys@^1.1.1:
  version "1.1.1"
  resolved "https://registry.npmmirror.com/object-keys/-/object-keys-1.1.1.tgz#1c47f272df277f3b1daf061677d9c82e2322c60e"
  integrity sha512-NuAESUOUMrlIXOfHKzD6bpPu3tYt3xvjNdRIQ+FeT0lNb4K8WR70CaDxhuNguS2XG+GjkyMwOzsN5ZktImfhLA==

object.assign@^4.1.2:
  version "4.1.2"
  resolved "https://registry.npmmirror.com/object.assign/-/object.assign-4.1.2.tgz#0ed54a342eceb37b38ff76eb831a0e788cb63940"
  integrity sha512-ixT2L5THXsApyiUPYKmW+2EHpXXe5Ii3M+f4e+aJFAHao5amFRW6J0OO6c/LU8Be47utCx2GL89hxGB6XSmKuQ==
  dependencies:
    call-bind "^1.0.0"
    define-properties "^1.1.3"
    has-symbols "^1.0.1"
    object-keys "^1.1.1"

regexp.prototype.flags@^1.4.1:
  version "1.4.3"
  resolved "https://registry.npmmirror.com/regexp.prototype.flags/-/regexp.prototype.flags-1.4.3.tgz#87cab30f80f66660181a3bb7bf5981a872b367ac"
  integrity sha512-fjggEOO3slI6Wvgjwflkc4NFRCTZAu5CnNfBd5qOMYhWdn67nJBBu34/TkD++eeFmd8C9r9jfXJ27+nSiRkSUA==
  dependencies:
    call-bind "^1.0.2"
    define-properties "^1.1.3"
    functions-have-names "^1.2.2"

requizzle@^0.2.3:
  version "0.2.3"
  resolved "https://registry.npmmirror.com/requizzle/-/requizzle-0.2.3.tgz#4675c90aacafb2c036bd39ba2daa4a1cb777fded"
  integrity sha512-YanoyJjykPxGHii0fZP0uUPEXpvqfBDxWV7s6GKAiiOsiqhX6vHNyW3Qzdmqp/iq/ExbhaGbVrjB4ruEVSM4GQ==
  dependencies:
    lodash "^4.17.14"

rollup@^2.73.0:
  version "2.73.0"
  resolved "https://registry.npmmirror.com/rollup/-/rollup-2.73.0.tgz#128fef4b333fd92d02d6929afbb6ee38d7feb32d"
  integrity sha512-h/UngC3S4Zt28mB3g0+2YCMegT5yoftnQplwzPqGZcKvlld5e+kT/QRmJiL+qxGyZKOYpgirWGdLyEO1b0dpLQ==
  optionalDependencies:
    fsevents "~2.3.2"

side-channel@^1.0.4:
  version "1.0.4"
  resolved "https://registry.npmmirror.com/side-channel/-/side-channel-1.0.4.tgz#efce5c8fdc104ee751b25c58d4290011fa5ea2cf"
  integrity sha512-q5XPytqFEIKHkGdiMIrY10mvLRvnQh42/+GoBlFW3b2LXLE2xxJpZFdm94we0BaoV3RwJyGqg5wS7epxTv0Zvw==
  dependencies:
    call-bind "^1.0.0"
    get-intrinsic "^1.0.2"
    object-inspect "^1.9.0"

string.prototype.matchall@^4.0.0:
  version "4.0.7"
  resolved "https://registry.npmmirror.com/string.prototype.matchall/-/string.prototype.matchall-4.0.7.tgz#8e6ecb0d8a1fb1fda470d81acecb2dba057a481d"
  integrity sha512-f48okCX7JiwVi1NXCVWcFnZgADDC/n2vePlQ/KUCNqCikLLilQvwjMO8+BHVKvgzH0JB0J9LEPgxOGT02RoETg==
  dependencies:
    call-bind "^1.0.2"
    define-properties "^1.1.3"
    es-abstract "^1.19.1"
    get-intrinsic "^1.1.1"
    has-symbols "^1.0.3"
    internal-slot "^1.0.3"
    regexp.prototype.flags "^1.4.1"
    side-channel "^1.0.4"

string.prototype.trimend@^1.0.5:
  version "1.0.5"
  resolved "https://registry.npmmirror.com/string.prototype.trimend/-/string.prototype.trimend-1.0.5.tgz#914a65baaab25fbdd4ee291ca7dde57e869cb8d0"
  integrity sha512-I7RGvmjV4pJ7O3kdf+LXFpVfdNOxtCW/2C8f6jNiW4+PQchwxkCDzlk1/7p+Wl4bqFIZeF47qAHXLuHHWKAxog==
  dependencies:
    call-bind "^1.0.2"
    define-properties "^1.1.4"
    es-abstract "^1.19.5"

string.prototype.trimstart@^1.0.5:
  version "1.0.5"
  resolved "https://registry.npmmirror.com/string.prototype.trimstart/-/string.prototype.trimstart-1.0.5.tgz#5466d93ba58cfa2134839f81d7f42437e8c01fef"
  integrity sha512-THx16TJCGlsN0o6dl2o6ncWUsdgnLRSA23rRE5pyGBw/mLr3Ej/R2LaqCtgP8VNMGZsvMWnf9ooZPyY2bHvUFg==
  dependencies:
    call-bind "^1.0.2"
    define-properties "^1.1.4"
    es-abstract "^1.19.5"

strip-json-comments@^3.1.0:
  version "3.1.1"
  resolved "https://registry.npmmirror.com/strip-json-comments/-/strip-json-comments-3.1.1.tgz#31f1281b3832630434831c310c01cccda8cbe006"
  integrity sha512-6fPc+R4ihwqP6N/aIv2f1gMH8lOVtWQHoqC4yK6oSDVVocumAsfCqjkXnqiYMhmMwS/mEHLp7Vehlt3ql6lEig==

taffydb@2.6.2:
  version "2.6.2"
  resolved "https://registry.npmmirror.com/taffydb/-/taffydb-2.6.2.tgz#7cbcb64b5a141b6a2efc2c5d2c67b4e150b2a268"
  integrity sha512-y3JaeRSplks6NYQuCOj3ZFMO3j60rTwbuKCvZxsAraGYH2epusatvZ0baZYA01WsGqJBq/Dl6vOrMUJqyMj8kA==

uc.micro@^1.0.1, uc.micro@^1.0.5:
  version "1.0.6"
  resolved "https://registry.npmmirror.com/uc.micro/-/uc.micro-1.0.6.tgz#9c411a802a409a91fc6cf74081baba34b24499ac"
  integrity sha512-8Y75pvTYkLJW2hWQHXxoqRgV7qb9B+9vFEtidML+7koHUFapnVJAZ6cKs+Qjz5Aw3aZWHMC6u0wJE3At+nSGwA==

unbox-primitive@^1.0.2:
  version "1.0.2"
  resolved "https://registry.npmmirror.com/unbox-primitive/-/unbox-primitive-1.0.2.tgz#29032021057d5e6cdbd08c5129c226dff8ed6f9e"
  integrity sha512-61pPlCD9h51VoreyJ0BReideM3MDKMKnh6+V9L08331ipq6Q8OFXZYiqP6n/tbHx4s5I9uRhcye6BrbkizkBDw==
  dependencies:
    call-bind "^1.0.2"
    has-bigints "^1.0.2"
    has-symbols "^1.0.3"
    which-boxed-primitive "^1.0.2"

underscore@~1.13.2:
  version "1.13.3"
  resolved "https://registry.npmmirror.com/underscore/-/underscore-1.13.3.tgz#54bc95f7648c5557897e5e968d0f76bc062c34ee"
  integrity sha512-QvjkYpiD+dJJraRA8+dGAU4i7aBbb2s0S3jA45TFOvg2VgqvdCDd/3N6CqA8gluk1W91GLoXg5enMUx560QzuA==

which-boxed-primitive@^1.0.2:
  version "1.0.2"
  resolved "https://registry.npmmirror.com/which-boxed-primitive/-/which-boxed-primitive-1.0.2.tgz#13757bc89b209b049fe5d86430e21cf40a89a8e6"
  integrity sha512-bwZdv0AKLpplFY2KZRX6TvyuN7ojjr7lwkg6ml0roIy9YeuSr7JS372qlNW18UQYzgYK9ziGcerWqZOmEn9VNg==
  dependencies:
    is-bigint "^1.0.1"
    is-boolean-object "^1.1.0"
    is-number-object "^1.0.4"
    is-string "^1.0.5"
    is-symbol "^1.0.3"

xmlcreate@^2.0.4:
  version "2.0.4"
  resolved "https://registry.npmmirror.com/xmlcreate/-/xmlcreate-2.0.4.tgz#0c5ab0f99cdd02a81065fa9cd8f8ae87624889be"
  integrity sha512-nquOebG4sngPmGPICTS5EnxqhKbCmz5Ox5hsszI2T6U5qdrJizBc+0ilYSEjTSzU0yZcmvppztXe/5Al5fUwdg==
